
Microsoft Visual Studio Solution File, Format Version 12.00
# Visual Studio Version 17
VisualStudioVersion = 17.0.31903.59
MinimumVisualStudioVersion = 10.0.40219.1
Project("{FAE04EC0-301F-11D3-BF4B-00C04F79EFBC}") = "MyApp.Server", "src\MyApp.Server\MyApp.Server.csproj", "{7E5FBAFD-6214-44AA-9CC5-E5FBA0374037}"
EndProject
Project("{FAE04EC0-301F-11D3-BF4B-00C04F79EFBC}") = "MyApp.Shared", "src\MyApp.Shared\MyApp.Shared.csproj", "{D05E82D6-9D79-492D-B1CB-5447E720B36E}"
EndProject
Global
	GlobalSection(SolutionConfigurationPlatforms) = preSolution
		Debug|Any CPU = Debug|Any CPU
		Debug|x64 = Debug|x64
		Debug|x86 = Debug|x86
		Release|Any CPU = Release|Any CPU
		Release|x64 = Release|x64
		Release|x86 = Release|x86
	EndGlobalSection
	GlobalSection(ProjectConfigurationPlatforms) = postSolution
		{7E5FBAFD-6214-44AA-9CC5-E5FBA0374037}.Debug|Any CPU.ActiveCfg = Debug|Any CPU
		{7E5FBAFD-6214-44AA-9CC5-E5FBA0374037}.Debug|Any CPU.Build.0 = Debug|Any CPU
		{7E5FBAFD-6214-44AA-9CC5-E5FBA0374037}.Debug|x64.ActiveCfg = Debug|Any CPU
		{7E5FBAFD-6214-44AA-9CC5-E5FBA0374037}.Debug|x64.Build.0 = Debug|Any CPU
		{7E5FBAFD-6214-44AA-9CC5-E5FBA0374037}.Debug|x86.ActiveCfg = Debug|Any CPU
		{7E5FBAFD-6214-44AA-9CC5-E5FBA0374037}.Debug|x86.Build.0 = Debug|Any CPU
		{7E5FBAFD-6214-44AA-9CC5-E5FBA0374037}.Release|Any CPU.ActiveCfg = Release|Any CPU
		{7E5FBAFD-6214-44AA-9CC5-E5FBA0374037}.Release|Any CPU.Build.0 = Release|Any CPU
		{7E5FBAFD-6214-44AA-9CC5-E5FBA0374037}.Release|x64.ActiveCfg = Release|Any CPU
		{7E5FBAFD-6214-44AA-9CC5-E5FBA0374037}.Release|x64.Build.0 = Release|Any CPU
		{7E5FBAFD-6214-44AA-9CC5-E5FBA0374037}.Release|x86.ActiveCfg = Release|Any CPU
		{7E5FBAFD-6214-44AA-9CC5-E5FBA0374037}.Release|x86.Build.0 = Release|Any CPU
		{D05E82D6-9D79-492D-B1CB-5447E720B36E}.Debug|Any CPU.ActiveCfg = Debug|Any CPU
		{D05E82D6-9D79-492D-B1CB-5447E720B36E}.Debug|Any CPU.Build.0 = Debug|Any CPU
		{D05E82D6-9D79-492D-B1CB-5447E720B36E}.Debug|x64.ActiveCfg = Debug|Any CPU
		{D05E82D6-9D79-492D-B1CB-5447E720B36E}.Debug|x64.Build.0 = Debug|Any CPU
		{D05E82D6-9D79-492D-B1CB-5447E720B36E}.Debug|x86.ActiveCfg = Debug|Any CPU
		{D05E82D6-9D79-492D-B1CB-5447E720B36E}.Debug|x86.Build.0 = Debug|Any CPU
		{D05E82D6-9D79-492D-B1CB-5447E720B36E}.Release|Any CPU.ActiveCfg = Release|Any CPU
		{D05E82D6-9D79-492D-B1CB-5447E720B36E}.Release|Any CPU.Build.0 = Release|Any CPU
		{D05E82D6-9D79-492D-B1CB-5447E720B36E}.Release|x64.ActiveCfg = Release|Any CPU
		{D05E82D6-9D79-492D-B1CB-5447E720B36E}.Release|x64.Build.0 = Release|Any CPU
		{D05E82D6-9D79-492D-B1CB-5447E720B36E}.Release|x86.ActiveCfg = Release|Any CPU
		{D05E82D6-9D79-492D-B1CB-5447E720B36E}.Release|x86.Build.0 = Release|Any CPU
	EndGlobalSection
	GlobalSection(SolutionProperties) = preSolution
		HideSolutionNode = FALSE
	EndGlobalSection
EndGlobal
